<?xml version="1.0" encoding="UTF-8"?>
<Project ToolsVersion="4.0" xmlns="http://schemas.microsoft.com/developer/msbuild/2003">
  <ItemGroup>
    <Filter Include="Application">
      <UniqueIdentifier>{5CA28441-E8DF-4C95-B68A-B1D5320C9B67}</UniqueIdentifier>
    </Filter>
    <Filter Include="Core">
      <UniqueIdentifier>{074546B9-297E-4F85-B761-4A42F98DA19C}</UniqueIdentifier>
    </Filter>
    <Filter Include="Game\Domain">
      <UniqueIdentifier>{C3D85797-3AD3-4E6B-A718-8062A9820644}</UniqueIdentifier>
    </Filter>
    <Filter Include="Game\Effects">
      <UniqueIdentifier>{1C1D58AF-2DB6-43EA-AE44-F70EA20E7708}</UniqueIdentifier>
    </Filter>
    <Filter Include="Game\Scenes">
      <UniqueIdentifier>{A665824C-D061-4E7F-8A3C-2BD85FE8063E}</UniqueIdentifier>
    </Filter>
    <Filter Include="Platform">
      <UniqueIdentifier>{FA298673-CA57-4DFC-8670-CE0983C0917B}</UniqueIdentifier>
    </Filter>
    <Filter Include="Platform\Console">
      <UniqueIdentifier>{382C41D2-64D5-40AE-9B25-C30DC5D975AE}</UniqueIdentifier>
    </Filter>
    <Filter Include="Platform\Windows">
      <UniqueIdentifier>{B99F7694-C30E-4A0D-8781-D78AD9176302}</UniqueIdentifier>
    </Filter>
    <Filter Include="Assets\Audio\Bgm">
      <UniqueIdentifier>{7F4B02EA-43C3-43D2-845F-39D444781BC4}</UniqueIdentifier>
    </Filter>
    <Filter Include="Assets\Audio\Sfx">
      <UniqueIdentifier>{C917F75B-F6CF-4798-931C-F82D9EAE1555}</UniqueIdentifier>
    </Filter>
    <Filter Include="Rendering">
      <UniqueIdentifier>{C64FAD00-4DD3-4E29-B4EF-D1068AECCEE0}</UniqueIdentifier>
    </Filter>
  </ItemGroup>
  <ItemGroup>
    <ClCompile Include="Main.cpp" />
    <ClCompile Include="Application\GameApplication.cpp">
      <Filter>Application</Filter>
    </ClCompile>
    <ClCompile Include="Core\RandomProvider.cpp">
      <Filter>Core</Filter>
    </ClCompile>
    <ClCompile Include="Game\Domain\ForgeRules.cpp">
      <Filter>Game\Domain</Filter>
    </ClCompile>
    <ClCompile Include="Game\Domain\BattleRules.cpp">
      <Filter>Game\Domain</Filter>
    </ClCompile>
    <ClCompile Include="Game\Domain\BattleSettlement.cpp">
      <Filter>Game\Domain</Filter>
    </ClCompile>
    <ClCompile Include="Game\Domain\BattleSession.cpp">
      <Filter>Game\Domain</Filter>
    </ClCompile>
    <ClCompile Include="Game\Domain\ForgeSession.cpp">
      <Filter>Game\Domain</Filter>
    </ClCompile>
    <ClCompile Include="Game\Domain\PlayerProgress.cpp">
      <Filter>Game\Domain</Filter>
    </ClCompile>
    <ClCompile Include="Game\Domain\Sword.cpp">
      <Filter>Game\Domain</Filter>
    </ClCompile>
    <ClCompile Include="Game\Domain\ProgressionRules.cpp">
      <Filter>Game\Domain</Filter>
    </ClCompile>
    <ClCompile Include="Game\Effects\ParticleSystem.cpp">
      <Filter>Game\Effects</Filter>
    </ClCompile>
    <ClCompile Include="Game\Scenes\ForgeScene.cpp">
      <Filter>Game\Scenes</Filter>
    </ClCompile>
    <ClCompile Include="Game\Scenes\BattleScene.cpp">
      <Filter>Game\Scenes</Filter>
    </ClCompile>
    <ClCompile Include="Game\Scenes\BossRenderer.cpp">
      <Filter>Game\Scenes</Filter>
    </ClCompile>
    <ClCompile Include="Game\Scenes\EndingScene.cpp">
      <Filter>Game\Scenes</Filter>
    </ClCompile>
    <ClCompile Include="Game\Scenes\ForgingScene.cpp">
      <Filter>Game\Scenes</Filter>
    </ClCompile>
    <ClCompile Include="Game\Scenes\GameHudRenderer.cpp">
      <Filter>Game\Scenes</Filter>
    </ClCompile>
    <ClCompile Include="Game\Scenes\InputOverlay.cpp">
      <Filter>Game\Scenes</Filter>
    </ClCompile>
    <ClCompile Include="Game\Scenes\LocalizedText.cpp">
      <Filter>Game\Scenes</Filter>
    </ClCompile>
    <ClCompile Include="Game\Scenes\ResultScene.cpp">
      <Filter>Game\Scenes</Filter>
    </ClCompile>
    <ClCompile Include="Game\Scenes\SettingsScene.cpp">
      <Filter>Game\Scenes</Filter>
    </ClCompile>
    <ClCompile Include="Game\Scenes\TitleScene.cpp">
      <Filter>Game\Scenes</Filter>
    </ClCompile>
    <ClCompile Include="Platform\Console\ConsoleInput.cpp">
      <Filter>Platform\Console</Filter>
    </ClCompile>
    <ClCompile Include="Platform\Console\ConsolePresenter.cpp">
      <Filter>Platform\Console</Filter>
    </ClCompile>
    <ClCompile Include="Platform\Console\ConsoleSession.cpp">
      <Filter>Platform\Console</Filter>
    </ClCompile>
    <ClCompile Include="Platform\Windows\WindowsAudio.cpp">
      <Filter>Platform\Windows</Filter>
    </ClCompile>
    <ClCompile Include="Rendering\ScreenBuffer.cpp">
      <Filter>Rendering</Filter>
    </ClCompile>
    <ClCompile Include="Rendering\ScreenViewport.cpp">
      <Filter>Rendering</Filter>
    </ClCompile>
  </ItemGroup>
  <ItemGroup>
    <ClInclude Include="Application\GameApplication.h">
      <Filter>Application</Filter>
    </ClInclude>
    <ClInclude Include="Core\GameConstants.h">
      <Filter>Core</Filter>
    </ClInclude>
    <ClInclude Include="Core\IRandomProvider.h">
      <Filter>Core</Filter>
    </ClInclude>
    <ClInclude Include="Core\Language.h">
      <Filter>Core</Filter>
    </ClInclude>
    <ClInclude Include="Core\RandomProvider.h">
      <Filter>Core</Filter>
    </ClInclude>
    <ClInclude Include="Game\Domain\ForgeOutcome.h">
      <Filter>Game\Domain</Filter>
    </ClInclude>
    <ClInclude Include="Game\Domain\BossBattle.h">
      <Filter>Game\Domain</Filter>
    </ClInclude>
    <ClInclude Include="Game\Domain\BattleRules.h">
      <Filter>Game\Domain</Filter>
    </ClInclude>
    <ClInclude Include="Game\Domain\BattleSettlement.h">
      <Filter>Game\Domain</Filter>
    </ClInclude>
    <ClInclude Include="Game\Domain\BattleSession.h">
      <Filter>Game\Domain</Filter>
    </ClInclude>
    <ClInclude Include="Game\Domain\Difficulty.h">
      <Filter>Game\Domain</Filter>
    </ClInclude>
    <ClInclude Include="Game\Domain\ForgeRules.h">
      <Filter>Game\Domain</Filter>
    </ClInclude>
    <ClInclude Include="Game\Domain\ForgeSession.h">
      <Filter>Game\Domain</Filter>
    </ClInclude>
    <ClInclude Include="Game\Domain\PlayerProgress.h">
      <Filter>Game\Domain</Filter>
    </ClInclude>
    <ClInclude Include="Game\Domain\ProgressionRules.h">
      <Filter>Game\Domain</Filter>
    </ClInclude>
    <ClInclude Include="Game\Domain\Sword.h">
      <Filter>Game\Domain</Filter>
    </ClInclude>
    <ClInclude Include="Game\Effects\Particle.h">
      <Filter>Game\Effects</Filter>
    </ClInclude>
    <ClInclude Include="Game\Effects\ParticleSystem.h">
      <Filter>Game\Effects</Filter>
    </ClInclude>
    <ClInclude Include="Game\Scenes\ForgeScene.h">
      <Filter>Game\Scenes</Filter>
    </ClInclude>
    <ClInclude Include="Game\Scenes\BattleScene.h">
      <Filter>Game\Scenes</Filter>
    </ClInclude>
    <ClInclude Include="Game\Scenes\BossRenderer.h">
      <Filter>Game\Scenes</Filter>
    </ClInclude>
    <ClInclude Include="Game\Scenes\EndingScene.h">
      <Filter>Game\Scenes</Filter>
    </ClInclude>
    <ClInclude Include="Game\Scenes\ForgingScene.h">
      <Filter>Game\Scenes</Filter>
    </ClInclude>
    <ClInclude Include="Game\Scenes\GameHudRenderer.h">
      <Filter>Game\Scenes</Filter>
    </ClInclude>
    <ClInclude Include="Game\Scenes\InputOverlay.h">
      <Filter>Game\Scenes</Filter>
    </ClInclude>
    <ClInclude Include="Game\Scenes\IScene.h">
      <Filter>Game\Scenes</Filter>
    </ClInclude>
    <ClInclude Include="Game\Scenes\LocalizedText.h">
      <Filter>Game\Scenes</Filter>
    </ClInclude>
    <ClInclude Include="Game\Scenes\ResultScene.h">
      <Filter>Game\Scenes</Filter>
    </ClInclude>
    <ClInclude Include="Game\Scenes\SceneContext.h">
      <Filter>Game\Scenes</Filter>
    </ClInclude>
    <ClInclude Include="Game\Scenes\SceneTransition.h">
      <Filter>Game\Scenes</Filter>
    </ClInclude>
    <ClInclude Include="Game\Scenes\SettingsScene.h">
      <Filter>Game\Scenes</Filter>
    </ClInclude>
    <ClInclude Include="Game\Scenes\TitleScene.h">
      <Filter>Game\Scenes</Filter>
    </ClInclude>
    <ClInclude Include="Platform\IInput.h">
      <Filter>Platform</Filter>
    </ClInclude>
    <ClInclude Include="Platform\AudioCue.h">
      <Filter>Platform</Filter>
    </ClInclude>
    <ClInclude Include="Platform\IAudio.h">
      <Filter>Platform</Filter>
    </ClInclude>
    <ClInclude Include="Platform\InputKey.h">
      <Filter>Platform</Filter>
    </ClInclude>
    <ClInclude Include="Platform\Console\ConsoleInput.h">
      <Filter>Platform\Console</Filter>
    </ClInclude>
    <ClInclude Include="Platform\Console\ConsolePresenter.h">
      <Filter>Platform\Console</Filter>
    </ClInclude>
    <ClInclude Include="Platform\Console\ConsoleSession.h">
      <Filter>Platform\Console</Filter>
    </ClInclude>
    <ClInclude Include="Platform\Windows\WindowsAudio.h">
      <Filter>Platform\Windows</Filter>
    </ClInclude>
    <ClInclude Include="Rendering\Cell.h">
      <Filter>Rendering</Filter>
    </ClInclude>
    <ClInclude Include="Rendering\Color.h">
      <Filter>Rendering</Filter>
    </ClInclude>
    <ClInclude Include="Rendering\IFramePresenter.h">
      <Filter>Rendering</Filter>
    </ClInclude>
    <ClInclude Include="Rendering\IScreen.h">
      <Filter>Rendering</Filter>
    </ClInclude>
    <ClInclude Include="Rendering\ScreenBuffer.h">
      <Filter>Rendering</Filter>
    </ClInclude>
    <ClInclude Include="Rendering\ScreenViewport.h">
      <Filter>Rendering</Filter>
    </ClInclude>
  </ItemGroup>
  <ItemGroup>
    <Content Include="Assets\Audio\Bgm\battle_ember.wav">
      <Filter>Assets\Audio\Bgm</Filter>
    </Content>
    <Content Include="Assets\Audio\Bgm\battle_memory.wav">
      <Filter>Assets\Audio\Bgm</Filter>
    </Content>
    <Content Include="Assets\Audio\Bgm\battle_storm.wav">
      <Filter>Assets\Audio\Bgm</Filter>
    </Content>
    <Content Include="Assets\Audio\Bgm\ending.wav">
      <Filter>Assets\Audio\Bgm</Filter>
    </Content>
    <Content Include="Assets\Audio\Bgm\forge.wav">
      <Filter>Assets\Audio\Bgm</Filter>
    </Content>
    <Content Include="Assets\Audio\Bgm\forging.wav">
      <Filter>Assets\Audio\Bgm</Filter>
    </Content>
    <Content Include="Assets\Audio\Bgm\title.wav">
      <Filter>Assets\Audio\Bgm</Filter>
    </Content>
    <Content Include="Assets\Audio\Sfx\battle_defeat.wav">
      <Filter>Assets\Audio\Sfx</Filter>
    </Content>
    <Content Include="Assets\Audio\Sfx\battle_victory.wav">
      <Filter>Assets\Audio\Sfx</Filter>
    </Content>
    <Content Include="Assets\Audio\Sfx\cool.wav">
      <Filter>Assets\Audio\Sfx</Filter>
    </Content>
    <Content Include="Assets\Audio\Sfx\forge_begin.wav">
      <Filter>Assets\Audio\Sfx</Filter>
    </Content>
    <Content Include="Assets\Audio\Sfx\forge_critical.wav">
      <Filter>Assets\Audio\Sfx</Filter>
    </Content>
    <Content Include="Assets\Audio\Sfx\forge_failure.wav">
      <Filter>Assets\Audio\Sfx</Filter>
    </Content>
    <Content Include="Assets\Audio\Sfx\forge_success.wav">
      <Filter>Assets\Audio\Sfx</Filter>
    </Content>
    <Content Include="Assets\Audio\Sfx\hammer_strike.wav">
      <Filter>Assets\Audio\Sfx</Filter>
    </Content>
    <Content Include="Assets\Audio\Sfx\guard.wav">
      <Filter>Assets\Audio\Sfx</Filter>
    </Content>
    <Content Include="Assets\Audio\Sfx\menu_back.wav">
      <Filter>Assets\Audio\Sfx</Filter>
    </Content>
    <Content Include="Assets\Audio\Sfx\menu_confirm.wav">
      <Filter>Assets\Audio\Sfx</Filter>
    </Content>
    <Content Include="Assets\Audio\Sfx\menu_move.wav">
      <Filter>Assets\Audio\Sfx</Filter>
    </Content>
    <Content Include="Assets\Audio\Sfx\player_attack.wav">
      <Filter>Assets\Audio\Sfx</Filter>
    </Content>
    <Content Include="Assets\Audio\Sfx\perfect_guard.wav">
      <Filter>Assets\Audio\Sfx</Filter>
    </Content>
    <Content Include="Assets\Audio\Sfx\player_hit.wav">
      <Filter>Assets\Audio\Sfx</Filter>
    </Content>
    <Content Include="Assets\Audio\Sfx\reward_confirm.wav">
      <Filter>Assets\Audio\Sfx</Filter>
    </Content>
    <Content Include="Assets\Audio\Sfx\stoke.wav">
      <Filter>Assets\Audio\Sfx</Filter>
    </Content>
  </ItemGroup>
</Project>
